
Microsoft Visual Studio Solution File, Format Version 12.00
# Visual Studio Version 17
VisualStudioVersion = 17.6.33815.320
MinimumVisualStudioVersion = 10.0.40219.1
Project("{FAE04EC0-301F-11D3-BF4B-00C04F79EFBC}") = "DNC1_HTTP-Request-Response", "DNC1_HTTP-Request-Response.csproj", "{EB4C3304-8277-4C36-BE03-799790D8797A}"
EndProject
Global
	GlobalSection(SolutionConfigurationPlatforms) = preSolution
		Debug|Any CPU = Debug|Any CPU
		Release|Any CPU = Release|Any CPU
	EndGlobalSection
	GlobalSection(ProjectConfigurationPlatforms) = postSolution
		{EB4C3304-8277-4C36-BE03-799790D8797A}.Debug|Any CPU.ActiveCfg = Debug|Any CPU
		{EB4C3304-8277-4C36-BE03-799790D8797A}.Debug|Any CPU.Build.0 = Debug|Any CPU
		{EB4C3304-8277-4C36-BE03-799790D8797A}.Release|Any CPU.ActiveCfg = Release|Any CPU
		{EB4C3304-8277-4C36-BE03-799790D8797A}.Release|Any CPU.Build.0 = Release|Any CPU
	EndGlobalSection
	GlobalSection(SolutionProperties) = preSolution
		HideSolutionNode = FALSE
	EndGlobalSection
	GlobalSection(ExtensibilityGlobals) = postSolution
		SolutionGuid = {8B9AD896-483B-403B-8092-C38AF010CDDD}
	EndGlobalSection
EndGlobal
