
Microsoft Visual Studio Solution File, Format Version 12.00
# Visual Studio Version 17
VisualStudioVersion = 17.8.34330.188
MinimumVisualStudioVersion = 10.0.40219.1
Project("{FAE04EC0-301F-11D3-BF4B-00C04F79EFBC}") = "DNC13-HttpClient", "DNC13-HttpClient.csproj", "{C94E7485-A196-4627-A514-66F81529F158}"
EndProject
Global
	GlobalSection(SolutionConfigurationPlatforms) = preSolution
		Debug|Any CPU = Debug|Any CPU
		Release|Any CPU = Release|Any CPU
	EndGlobalSection
	GlobalSection(ProjectConfigurationPlatforms) = postSolution
		{C94E7485-A196-4627-A514-66F81529F158}.Debug|Any CPU.ActiveCfg = Debug|Any CPU
		{C94E7485-A196-4627-A514-66F81529F158}.Debug|Any CPU.Build.0 = Debug|Any CPU
		{C94E7485-A196-4627-A514-66F81529F158}.Release|Any CPU.ActiveCfg = Release|Any CPU
		{C94E7485-A196-4627-A514-66F81529F158}.Release|Any CPU.Build.0 = Release|Any CPU
	EndGlobalSection
	GlobalSection(SolutionProperties) = preSolution
		HideSolutionNode = FALSE
	EndGlobalSection
	GlobalSection(ExtensibilityGlobals) = postSolution
		SolutionGuid = {B85849E5-FDED-4D04-B2E8-B7ED5284AA0B}
	EndGlobalSection
EndGlobal
