
Microsoft Visual Studio Solution File, Format Version 12.00
# Visual Studio Version 17
VisualStudioVersion = 17.6.33815.320
MinimumVisualStudioVersion = 10.0.40219.1
Project("{FAE04EC0-301F-11D3-BF4B-00C04F79EFBC}") = "DNC3-Custom_Middleware_Class", "DNC3-Custom_Middleware_Class.csproj", "{B6C07215-6B98-4350-B701-F100F95EAE68}"
EndProject
Global
	GlobalSection(SolutionConfigurationPlatforms) = preSolution
		Debug|Any CPU = Debug|Any CPU
		Release|Any CPU = Release|Any CPU
	EndGlobalSection
	GlobalSection(ProjectConfigurationPlatforms) = postSolution
		{B6C07215-6B98-4350-B701-F100F95EAE68}.Debug|Any CPU.ActiveCfg = Debug|Any CPU
		{B6C07215-6B98-4350-B701-F100F95EAE68}.Debug|Any CPU.Build.0 = Debug|Any CPU
		{B6C07215-6B98-4350-B701-F100F95EAE68}.Release|Any CPU.ActiveCfg = Release|Any CPU
		{B6C07215-6B98-4350-B701-F100F95EAE68}.Release|Any CPU.Build.0 = Release|Any CPU
	EndGlobalSection
	GlobalSection(SolutionProperties) = preSolution
		HideSolutionNode = FALSE
	EndGlobalSection
	GlobalSection(ExtensibilityGlobals) = postSolution
		SolutionGuid = {F1763366-EDAC-455C-B674-C07EBE7E57E1}
	EndGlobalSection
EndGlobal
