
Microsoft Visual Studio Solution File, Format Version 12.00
# Visual Studio Version 17
VisualStudioVersion = 17.8.34330.188
MinimumVisualStudioVersion = 10.0.40219.1
Project("{9A19103F-16F7-4668-BE54-9A1E7A4F7556}") = "DNC14-Razor1", "DNC14-Razor1.csproj", "{94FB844B-BA4F-4205-9FEF-573BAEDE98F6}"
EndProject
Global
	GlobalSection(SolutionConfigurationPlatforms) = preSolution
		Debug|Any CPU = Debug|Any CPU
		Release|Any CPU = Release|Any CPU
	EndGlobalSection
	GlobalSection(ProjectConfigurationPlatforms) = postSolution
		{94FB844B-BA4F-4205-9FEF-573BAEDE98F6}.Debug|Any CPU.ActiveCfg = Debug|Any CPU
		{94FB844B-BA4F-4205-9FEF-573BAEDE98F6}.Debug|Any CPU.Build.0 = Debug|Any CPU
		{94FB844B-BA4F-4205-9FEF-573BAEDE98F6}.Release|Any CPU.ActiveCfg = Release|Any CPU
		{94FB844B-BA4F-4205-9FEF-573BAEDE98F6}.Release|Any CPU.Build.0 = Release|Any CPU
	EndGlobalSection
	GlobalSection(SolutionProperties) = preSolution
		HideSolutionNode = FALSE
	EndGlobalSection
	GlobalSection(ExtensibilityGlobals) = postSolution
		SolutionGuid = {DC025DBB-EBC8-4510-A368-25DC5CFB0526}
	EndGlobalSection
EndGlobal
