
Microsoft Visual Studio Solution File, Format Version 12.00
# Visual Studio Version 17
VisualStudioVersion = 17.6.33815.320
MinimumVisualStudioVersion = 10.0.40219.1
Project("{FAE04EC0-301F-11D3-BF4B-00C04F79EFBC}") = "DNC10-RazorViews", "DNC10-RazorViews.csproj", "{F4902143-F646-4161-BD22-2058BEBCAC79}"
EndProject
Global
	GlobalSection(SolutionConfigurationPlatforms) = preSolution
		Debug|Any CPU = Debug|Any CPU
		Release|Any CPU = Release|Any CPU
	EndGlobalSection
	GlobalSection(ProjectConfigurationPlatforms) = postSolution
		{F4902143-F646-4161-BD22-2058BEBCAC79}.Debug|Any CPU.ActiveCfg = Debug|Any CPU
		{F4902143-F646-4161-BD22-2058BEBCAC79}.Debug|Any CPU.Build.0 = Debug|Any CPU
		{F4902143-F646-4161-BD22-2058BEBCAC79}.Release|Any CPU.ActiveCfg = Release|Any CPU
		{F4902143-F646-4161-BD22-2058BEBCAC79}.Release|Any CPU.Build.0 = Release|Any CPU
	EndGlobalSection
	GlobalSection(SolutionProperties) = preSolution
		HideSolutionNode = FALSE
	EndGlobalSection
	GlobalSection(ExtensibilityGlobals) = postSolution
		SolutionGuid = {17EE5CEA-A18C-494D-9155-00ADA4421E5D}
	EndGlobalSection
EndGlobal
